
Microsoft Visual Studio Solution File, Format Version 12.00
# Visual Studio Version 17
VisualStudioVersion = 17.4.33205.214
MinimumVisualStudioVersion = 10.0.40219.1
Project("{FAE04EC0-301F-11D3-BF4B-00C04F79EFBC}") = "Seção 7", "Seção 7.csproj", "{BF857352-198C-4960-ACFE-A2F700F73B61}"
EndProject
Global
	GlobalSection(SolutionConfigurationPlatforms) = preSolution
		Debug|Any CPU = Debug|Any CPU
		Release|Any CPU = Release|Any CPU
	EndGlobalSection
	GlobalSection(ProjectConfigurationPlatforms) = postSolution
		{BF857352-198C-4960-ACFE-A2F700F73B61}.Debug|Any CPU.ActiveCfg = Debug|Any CPU
		{BF857352-198C-4960-ACFE-A2F700F73B61}.Debug|Any CPU.Build.0 = Debug|Any CPU
		{BF857352-198C-4960-ACFE-A2F700F73B61}.Release|Any CPU.ActiveCfg = Release|Any CPU
		{BF857352-198C-4960-ACFE-A2F700F73B61}.Release|Any CPU.Build.0 = Release|Any CPU
	EndGlobalSection
	GlobalSection(SolutionProperties) = preSolution
		HideSolutionNode = FALSE
	EndGlobalSection
	GlobalSection(ExtensibilityGlobals) = postSolution
		SolutionGuid = {4A1E2BFC-A821-4758-9040-FC9AEFB3EBCD}
	EndGlobalSection
EndGlobal
