
Microsoft Visual Studio Solution File, Format Version 12.00
# Visual Studio Version 17
VisualStudioVersion = 17.6.33815.320
MinimumVisualStudioVersion = 10.0.40219.1
Project("{FAE04EC0-301F-11D3-BF4B-00C04F79EFBC}") = "linq", "linq.csproj", "{229EA8DF-28D3-4532-BCDE-896B20A9BC0C}"
EndProject
Global
	GlobalSection(SolutionConfigurationPlatforms) = preSolution
		Debug|Any CPU = Debug|Any CPU
		Release|Any CPU = Release|Any CPU
	EndGlobalSection
	GlobalSection(ProjectConfigurationPlatforms) = postSolution
		{229EA8DF-28D3-4532-BCDE-896B20A9BC0C}.Debug|Any CPU.ActiveCfg = Debug|Any CPU
		{229EA8DF-28D3-4532-BCDE-896B20A9BC0C}.Debug|Any CPU.Build.0 = Debug|Any CPU
		{229EA8DF-28D3-4532-BCDE-896B20A9BC0C}.Release|Any CPU.ActiveCfg = Release|Any CPU
		{229EA8DF-28D3-4532-BCDE-896B20A9BC0C}.Release|Any CPU.Build.0 = Release|Any CPU
	EndGlobalSection
	GlobalSection(SolutionProperties) = preSolution
		HideSolutionNode = FALSE
	EndGlobalSection
	GlobalSection(ExtensibilityGlobals) = postSolution
		SolutionGuid = {CD9E0C2D-8193-4215-BF49-F543E562ED02}
	EndGlobalSection
EndGlobal
