
Microsoft Visual Studio Solution File, Format Version 12.00
# Visual Studio Version 17
VisualStudioVersion = 17.6.33815.320
MinimumVisualStudioVersion = 10.0.40219.1
Project("{FAE04EC0-301F-11D3-BF4B-00C04F79EFBC}") = "Dictionary", "Dictionary.csproj", "{5F8A99AA-0E1D-475B-8F52-0FF0E102051C}"
EndProject
Global
	GlobalSection(SolutionConfigurationPlatforms) = preSolution
		Debug|Any CPU = Debug|Any CPU
		Release|Any CPU = Release|Any CPU
	EndGlobalSection
	GlobalSection(ProjectConfigurationPlatforms) = postSolution
		{5F8A99AA-0E1D-475B-8F52-0FF0E102051C}.Debug|Any CPU.ActiveCfg = Debug|Any CPU
		{5F8A99AA-0E1D-475B-8F52-0FF0E102051C}.Debug|Any CPU.Build.0 = Debug|Any CPU
		{5F8A99AA-0E1D-475B-8F52-0FF0E102051C}.Release|Any CPU.ActiveCfg = Release|Any CPU
		{5F8A99AA-0E1D-475B-8F52-0FF0E102051C}.Release|Any CPU.Build.0 = Release|Any CPU
	EndGlobalSection
	GlobalSection(SolutionProperties) = preSolution
		HideSolutionNode = FALSE
	EndGlobalSection
	GlobalSection(ExtensibilityGlobals) = postSolution
		SolutionGuid = {1BC748D5-76F8-4ACD-9DD1-A8313F4A4008}
	EndGlobalSection
EndGlobal
