
Microsoft Visual Studio Solution File, Format Version 12.00
# Visual Studio Version 17
VisualStudioVersion = 17.4.33205.214
MinimumVisualStudioVersion = 10.0.40219.1
Project("{FAE04EC0-301F-11D3-BF4B-00C04F79EFBC}") = "Generics", "Generics.csproj", "{6930C9EA-4726-4570-A6D0-904AF9F8298F}"
EndProject
Global
	GlobalSection(SolutionConfigurationPlatforms) = preSolution
		Debug|Any CPU = Debug|Any CPU
		Release|Any CPU = Release|Any CPU
	EndGlobalSection
	GlobalSection(ProjectConfigurationPlatforms) = postSolution
		{6930C9EA-4726-4570-A6D0-904AF9F8298F}.Debug|Any CPU.ActiveCfg = Debug|Any CPU
		{6930C9EA-4726-4570-A6D0-904AF9F8298F}.Debug|Any CPU.Build.0 = Debug|Any CPU
		{6930C9EA-4726-4570-A6D0-904AF9F8298F}.Release|Any CPU.ActiveCfg = Release|Any CPU
		{6930C9EA-4726-4570-A6D0-904AF9F8298F}.Release|Any CPU.Build.0 = Release|Any CPU
	EndGlobalSection
	GlobalSection(SolutionProperties) = preSolution
		HideSolutionNode = FALSE
	EndGlobalSection
	GlobalSection(ExtensibilityGlobals) = postSolution
		SolutionGuid = {98B36829-EB8B-4A53-AD92-8A2A9D18B99E}
	EndGlobalSection
EndGlobal
