
Microsoft Visual Studio Solution File, Format Version 12.00
# Visual Studio Version 17
VisualStudioVersion = 17.4.33205.214
MinimumVisualStudioVersion = 10.0.40219.1
Project("{FAE04EC0-301F-11D3-BF4B-00C04F79EFBC}") = "aula195", "aula195.csproj", "{31620193-585D-44B9-953B-9D0615AB456A}"
EndProject
Global
	GlobalSection(SolutionConfigurationPlatforms) = preSolution
		Debug|Any CPU = Debug|Any CPU
		Release|Any CPU = Release|Any CPU
	EndGlobalSection
	GlobalSection(ProjectConfigurationPlatforms) = postSolution
		{31620193-585D-44B9-953B-9D0615AB456A}.Debug|Any CPU.ActiveCfg = Debug|Any CPU
		{31620193-585D-44B9-953B-9D0615AB456A}.Debug|Any CPU.Build.0 = Debug|Any CPU
		{31620193-585D-44B9-953B-9D0615AB456A}.Release|Any CPU.ActiveCfg = Release|Any CPU
		{31620193-585D-44B9-953B-9D0615AB456A}.Release|Any CPU.Build.0 = Release|Any CPU
	EndGlobalSection
	GlobalSection(SolutionProperties) = preSolution
		HideSolutionNode = FALSE
	EndGlobalSection
	GlobalSection(ExtensibilityGlobals) = postSolution
		SolutionGuid = {8B8A68BF-352D-4459-BA54-032B5C0D794B}
	EndGlobalSection
EndGlobal
