
Microsoft Visual Studio Solution File, Format Version 12.00
# Visual Studio Version 17
VisualStudioVersion = 17.7.34031.279
MinimumVisualStudioVersion = 10.0.40219.1
Project("{FAE04EC0-301F-11D3-BF4B-00C04F79EFBC}") = "SalesWebMVC", "SalesWebMVC\SalesWebMVC.csproj", "{AAE9A3BA-A9AC-4570-979B-53E24AAE1AC0}"
EndProject
Global
	GlobalSection(SolutionConfigurationPlatforms) = preSolution
		Debug|Any CPU = Debug|Any CPU
		Release|Any CPU = Release|Any CPU
	EndGlobalSection
	GlobalSection(ProjectConfigurationPlatforms) = postSolution
		{AAE9A3BA-A9AC-4570-979B-53E24AAE1AC0}.Debug|Any CPU.ActiveCfg = Debug|Any CPU
		{AAE9A3BA-A9AC-4570-979B-53E24AAE1AC0}.Debug|Any CPU.Build.0 = Debug|Any CPU
		{AAE9A3BA-A9AC-4570-979B-53E24AAE1AC0}.Release|Any CPU.ActiveCfg = Release|Any CPU
		{AAE9A3BA-A9AC-4570-979B-53E24AAE1AC0}.Release|Any CPU.Build.0 = Release|Any CPU
	EndGlobalSection
	GlobalSection(SolutionProperties) = preSolution
		HideSolutionNode = FALSE
	EndGlobalSection
	GlobalSection(ExtensibilityGlobals) = postSolution
		SolutionGuid = {97ACF5C5-27BD-4C8C-9087-869DB99126FB}
	EndGlobalSection
EndGlobal
