
Microsoft Visual Studio Solution File, Format Version 12.00
# Visual Studio Version 17
VisualStudioVersion = 17.4.33205.214
MinimumVisualStudioVersion = 10.0.40219.1
Project("{FAE04EC0-301F-11D3-BF4B-00C04F79EFBC}") = "Interface", "Interface.csproj", "{127A5ED0-1AC5-4236-8309-B61C8149C541}"
EndProject
Global
	GlobalSection(SolutionConfigurationPlatforms) = preSolution
		Debug|Any CPU = Debug|Any CPU
		Release|Any CPU = Release|Any CPU
	EndGlobalSection
	GlobalSection(ProjectConfigurationPlatforms) = postSolution
		{127A5ED0-1AC5-4236-8309-B61C8149C541}.Debug|Any CPU.ActiveCfg = Debug|Any CPU
		{127A5ED0-1AC5-4236-8309-B61C8149C541}.Debug|Any CPU.Build.0 = Debug|Any CPU
		{127A5ED0-1AC5-4236-8309-B61C8149C541}.Release|Any CPU.ActiveCfg = Release|Any CPU
		{127A5ED0-1AC5-4236-8309-B61C8149C541}.Release|Any CPU.Build.0 = Release|Any CPU
	EndGlobalSection
	GlobalSection(SolutionProperties) = preSolution
		HideSolutionNode = FALSE
	EndGlobalSection
	GlobalSection(ExtensibilityGlobals) = postSolution
		SolutionGuid = {67067DBD-16C4-42EC-9310-D36EE7D29FCE}
	EndGlobalSection
EndGlobal
