
Microsoft Visual Studio Solution File, Format Version 12.00
# Visual Studio Version 17
VisualStudioVersion = 17.6.33815.320
MinimumVisualStudioVersion = 10.0.40219.1
Project("{FAE04EC0-301F-11D3-BF4B-00C04F79EFBC}") = "223 - Ex Dictionary", "223 - Ex Dictionary.csproj", "{7DCC9479-80A4-4303-9EA1-484C869335C3}"
EndProject
Global
	GlobalSection(SolutionConfigurationPlatforms) = preSolution
		Debug|Any CPU = Debug|Any CPU
		Release|Any CPU = Release|Any CPU
	EndGlobalSection
	GlobalSection(ProjectConfigurationPlatforms) = postSolution
		{7DCC9479-80A4-4303-9EA1-484C869335C3}.Debug|Any CPU.ActiveCfg = Debug|Any CPU
		{7DCC9479-80A4-4303-9EA1-484C869335C3}.Debug|Any CPU.Build.0 = Debug|Any CPU
		{7DCC9479-80A4-4303-9EA1-484C869335C3}.Release|Any CPU.ActiveCfg = Release|Any CPU
		{7DCC9479-80A4-4303-9EA1-484C869335C3}.Release|Any CPU.Build.0 = Release|Any CPU
	EndGlobalSection
	GlobalSection(SolutionProperties) = preSolution
		HideSolutionNode = FALSE
	EndGlobalSection
	GlobalSection(ExtensibilityGlobals) = postSolution
		SolutionGuid = {7E4A5398-3808-4758-8096-13C50EC148F5}
	EndGlobalSection
EndGlobal
