
Microsoft Visual Studio Solution File, Format Version 12.00
# Visual Studio Version 17
VisualStudioVersion = 17.4.33205.214
MinimumVisualStudioVersion = 10.0.40219.1
Project("{FAE04EC0-301F-11D3-BF4B-00C04F79EFBC}") = "Ex146", "Ex146.csproj", "{3F908920-C38F-4258-8E3D-C2C1858A2296}"
EndProject
Global
	GlobalSection(SolutionConfigurationPlatforms) = preSolution
		Debug|Any CPU = Debug|Any CPU
		Release|Any CPU = Release|Any CPU
	EndGlobalSection
	GlobalSection(ProjectConfigurationPlatforms) = postSolution
		{3F908920-C38F-4258-8E3D-C2C1858A2296}.Debug|Any CPU.ActiveCfg = Debug|Any CPU
		{3F908920-C38F-4258-8E3D-C2C1858A2296}.Debug|Any CPU.Build.0 = Debug|Any CPU
		{3F908920-C38F-4258-8E3D-C2C1858A2296}.Release|Any CPU.ActiveCfg = Release|Any CPU
		{3F908920-C38F-4258-8E3D-C2C1858A2296}.Release|Any CPU.Build.0 = Release|Any CPU
	EndGlobalSection
	GlobalSection(SolutionProperties) = preSolution
		HideSolutionNode = FALSE
	EndGlobalSection
	GlobalSection(ExtensibilityGlobals) = postSolution
		SolutionGuid = {858FDD2E-4CEC-457C-A549-9980A5031A0C}
	EndGlobalSection
EndGlobal
