
Microsoft Visual Studio Solution File, Format Version 12.00
# Visual Studio Version 17
VisualStudioVersion = 17.4.33205.214
MinimumVisualStudioVersion = 10.0.40219.1
Project("{FAE04EC0-301F-11D3-BF4B-00C04F79EFBC}") = "exercicio", "exercicio.csproj", "{51CA3727-9080-4602-8053-BC5FCA77D392}"
EndProject
Global
	GlobalSection(SolutionConfigurationPlatforms) = preSolution
		Debug|Any CPU = Debug|Any CPU
		Release|Any CPU = Release|Any CPU
	EndGlobalSection
	GlobalSection(ProjectConfigurationPlatforms) = postSolution
		{51CA3727-9080-4602-8053-BC5FCA77D392}.Debug|Any CPU.ActiveCfg = Debug|Any CPU
		{51CA3727-9080-4602-8053-BC5FCA77D392}.Debug|Any CPU.Build.0 = Debug|Any CPU
		{51CA3727-9080-4602-8053-BC5FCA77D392}.Release|Any CPU.ActiveCfg = Release|Any CPU
		{51CA3727-9080-4602-8053-BC5FCA77D392}.Release|Any CPU.Build.0 = Release|Any CPU
	EndGlobalSection
	GlobalSection(SolutionProperties) = preSolution
		HideSolutionNode = FALSE
	EndGlobalSection
	GlobalSection(ExtensibilityGlobals) = postSolution
		SolutionGuid = {49CAD1DB-AAFB-4533-9E82-1E5315D6362C}
	EndGlobalSection
EndGlobal
